
Microsoft Visual Studio Solution File, Format Version 12.00
# Visual Studio Version 17
VisualStudioVersion = 17.4.33205.214
MinimumVisualStudioVersion = 10.0.40219.1
Project("{9A19103F-16F7-4668-BE54-9A1E7A4F7556}") = "EdFi.AdminConsole.HealthCheckService", "EdFi.AdminConsole.HealthCheckService\EdFi.AdminConsole.HealthCheckService.csproj", "{846BC49A-2AA9-4031-8689-DC5E7CD08E56}"
EndProject
Project("{2150E333-8FDC-42A3-9474-1A3956D46DE8}") = "UnitTests", "UnitTests", "{C3143304-DF2C-4C75-9BE9-4191C090CDBC}"
EndProject
Project("{9A19103F-16F7-4668-BE54-9A1E7A4F7556}") = "EdFi.AdminConsole.HealthCheckService.UnitTests", "EdFi.AdminConsole.HealthCheckService.UnitTests\EdFi.AdminConsole.HealthCheckService.UnitTests.csproj", "{126D73DA-47F1-4554-B203-D889F696EBDD}"
EndProject
Global
	GlobalSection(SolutionConfigurationPlatforms) = preSolution
		Debug|Any CPU = Debug|Any CPU
		Release|Any CPU = Release|Any CPU
	EndGlobalSection
	GlobalSection(ProjectConfigurationPlatforms) = postSolution
		{846BC49A-2AA9-4031-8689-DC5E7CD08E56}.Debug|Any CPU.ActiveCfg = Debug|Any CPU
		{846BC49A-2AA9-4031-8689-DC5E7CD08E56}.Debug|Any CPU.Build.0 = Debug|Any CPU
		{846BC49A-2AA9-4031-8689-DC5E7CD08E56}.Release|Any CPU.ActiveCfg = Release|Any CPU
		{846BC49A-2AA9-4031-8689-DC5E7CD08E56}.Release|Any CPU.Build.0 = Release|Any CPU
		{126D73DA-47F1-4554-B203-D889F696EBDD}.Debug|Any CPU.ActiveCfg = Debug|Any CPU
		{126D73DA-47F1-4554-B203-D889F696EBDD}.Debug|Any CPU.Build.0 = Debug|Any CPU
		{126D73DA-47F1-4554-B203-D889F696EBDD}.Release|Any CPU.ActiveCfg = Release|Any CPU
		{126D73DA-47F1-4554-B203-D889F696EBDD}.Release|Any CPU.Build.0 = Release|Any CPU
	EndGlobalSection
	GlobalSection(SolutionProperties) = preSolution
		HideSolutionNode = FALSE
	EndGlobalSection
	GlobalSection(NestedProjects) = preSolution
		{126D73DA-47F1-4554-B203-D889F696EBDD} = {C3143304-DF2C-4C75-9BE9-4191C090CDBC}
	EndGlobalSection
	GlobalSection(ExtensibilityGlobals) = postSolution
		SolutionGuid = {F37AA939-7228-4C64-9079-0D8352A39176}
	EndGlobalSection
EndGlobal
